
Microsoft Visual Studio Solution File, Format Version 12.00
# Visual Studio Version 17
VisualStudioVersion = 17.0.32014.148
MinimumVisualStudioVersion = 10.0.40219.1
Project("{9A19103F-16F7-4668-BE54-9A1E7A4F7556}") = "Micro1", "Micro1\Micro1.csproj", "{5A02E846-FB19-46B7-8F95-A34F866465AF}"
EndProject
Project("{9A19103F-16F7-4668-BE54-9A1E7A4F7556}") = "Micro2", "Micro2\Micro2.csproj", "{3D180CD7-CB85-49A5-8337-A419C5F0BD21}"
EndProject
Project("{E53339B2-1760-4266-BCC7-CA923CBCF16C}") = "docker-compose", "docker-compose.dcproj", "{EA37B24B-0BE8-41AD-9857-F81B98EB1FF8}"
EndProject
Project("{FAE04EC0-301F-11D3-BF4B-00C04F79EFBC}") = "SharedKernel", "SharedKernel\SharedKernel.csproj", "{22B7DC9B-5412-498D-95DD-14158DEF5E3F}"
EndProject
Global
	GlobalSection(SolutionConfigurationPlatforms) = preSolution
		Debug|Any CPU = Debug|Any CPU
		Release|Any CPU = Release|Any CPU
	EndGlobalSection
	GlobalSection(ProjectConfigurationPlatforms) = postSolution
		{5A02E846-FB19-46B7-8F95-A34F866465AF}.Debug|Any CPU.ActiveCfg = Debug|Any CPU
		{5A02E846-FB19-46B7-8F95-A34F866465AF}.Debug|Any CPU.Build.0 = Debug|Any CPU
		{5A02E846-FB19-46B7-8F95-A34F866465AF}.Release|Any CPU.ActiveCfg = Release|Any CPU
		{5A02E846-FB19-46B7-8F95-A34F866465AF}.Release|Any CPU.Build.0 = Release|Any CPU
		{3D180CD7-CB85-49A5-8337-A419C5F0BD21}.Debug|Any CPU.ActiveCfg = Debug|Any CPU
		{3D180CD7-CB85-49A5-8337-A419C5F0BD21}.Debug|Any CPU.Build.0 = Debug|Any CPU
		{3D180CD7-CB85-49A5-8337-A419C5F0BD21}.Release|Any CPU.ActiveCfg = Release|Any CPU
		{3D180CD7-CB85-49A5-8337-A419C5F0BD21}.Release|Any CPU.Build.0 = Release|Any CPU
		{EA37B24B-0BE8-41AD-9857-F81B98EB1FF8}.Debug|Any CPU.ActiveCfg = Debug|Any CPU
		{EA37B24B-0BE8-41AD-9857-F81B98EB1FF8}.Debug|Any CPU.Build.0 = Debug|Any CPU
		{EA37B24B-0BE8-41AD-9857-F81B98EB1FF8}.Release|Any CPU.ActiveCfg = Release|Any CPU
		{EA37B24B-0BE8-41AD-9857-F81B98EB1FF8}.Release|Any CPU.Build.0 = Release|Any CPU
		{22B7DC9B-5412-498D-95DD-14158DEF5E3F}.Debug|Any CPU.ActiveCfg = Debug|Any CPU
		{22B7DC9B-5412-498D-95DD-14158DEF5E3F}.Debug|Any CPU.Build.0 = Debug|Any CPU
		{22B7DC9B-5412-498D-95DD-14158DEF5E3F}.Release|Any CPU.ActiveCfg = Release|Any CPU
		{22B7DC9B-5412-498D-95DD-14158DEF5E3F}.Release|Any CPU.Build.0 = Release|Any CPU
	EndGlobalSection
	GlobalSection(SolutionProperties) = preSolution
		HideSolutionNode = FALSE
	EndGlobalSection
	GlobalSection(ExtensibilityGlobals) = postSolution
		SolutionGuid = {94A8F15C-44D1-4B2F-BB26-77CCE661FA28}
	EndGlobalSection
EndGlobal
